
Microsoft Visual Studio Solution File, Format Version 12.00
# Visual Studio Version 17
VisualStudioVersion = 17.0.32126.317
MinimumVisualStudioVersion = 10.0.40219.1
Project("{FAE04EC0-301F-11D3-BF4B-00C04F79EFBC}") = "WebApplication1", "WebApplication1\WebApplication1.csproj", "{8985E6FE-37F7-419B-88A9-F34951C25F68}"
EndProject
Global
	GlobalSection(SolutionConfigurationPlatforms) = preSolution
		Debug|Any CPU = Debug|Any CPU
		Release|Any CPU = Release|Any CPU
	EndGlobalSection
	GlobalSection(ProjectConfigurationPlatforms) = postSolution
		{8985E6FE-37F7-419B-88A9-F34951C25F68}.Debug|Any CPU.ActiveCfg = Debug|Any CPU
		{8985E6FE-37F7-419B-88A9-F34951C25F68}.Debug|Any CPU.Build.0 = Debug|Any CPU
		{8985E6FE-37F7-419B-88A9-F34951C25F68}.Release|Any CPU.ActiveCfg = Release|Any CPU
		{8985E6FE-37F7-419B-88A9-F34951C25F68}.Release|Any CPU.Build.0 = Release|Any CPU
	EndGlobalSection
	GlobalSection(SolutionProperties) = preSolution
		HideSolutionNode = FALSE
	EndGlobalSection
	GlobalSection(ExtensibilityGlobals) = postSolution
		SolutionGuid = {5D2DA529-883A-47EC-A5E8-97BBA8B4F804}
	EndGlobalSection
EndGlobal
